// !$*UTF8*$!
{
	archiveVersion = 1;
	classes = {
	};
	objectVersion = 56;
	objects = {

/* Begin PBXBuildFile section */
		CD3D2EAF2BC551D8000DB275 /* MainView.swift in Sources */ = {isa = PBXBuildFile; fileRef = CD3D2EAE2BC551D8000DB275 /* MainView.swift */; };
		CD3D2EB22BC55279000DB275 /* ContactsView.swift in Sources */ = {isa = PBXBuildFile; fileRef = CD3D2EB12BC55279000DB275 /* ContactsView.swift */; };
		CD3D2EB42BC552A4000DB275 /* DepartmentsView.swift in Sources */ = {isa = PBXBuildFile; fileRef = CD3D2EB32BC552A4000DB275 /* DepartmentsView.swift */; };
		CD3D2EB82BC5535B000DB275 /* User.swift in Sources */ = {isa = PBXBuildFile; fileRef = CD3D2EB72BC5535B000DB275 /* User.swift */; };
		CD3D2EBB2BC55495000DB275 /* DataStore.swift in Sources */ = {isa = PBXBuildFile; fileRef = CD3D2EBA2BC55495000DB275 /* DataStore.swift */; };
		CD3D2EBE2BC5591E000DB275 /* ContactDetailsView.swift in Sources */ = {isa = PBXBuildFile; fileRef = CD3D2EBD2BC5591E000DB275 /* ContactDetailsView.swift */; };
		CD3D2EC12BC55FBA000DB275 /* RootView.swift in Sources */ = {isa = PBXBuildFile; fileRef = CD3D2EC02BC55FBA000DB275 /* RootView.swift */; };
		CD3D2EC42BC56059000DB275 /* LoginViewViewModel.swift in Sources */ = {isa = PBXBuildFile; fileRef = CD3D2EC32BC56059000DB275 /* LoginViewViewModel.swift */; };
		CD3D2EC62BC5612C000DB275 /* StorageManager.swift in Sources */ = {isa = PBXBuildFile; fileRef = CD3D2EC52BC5612C000DB275 /* StorageManager.swift */; };
		CD3F1B162BCA826E00BDD3BC /* ContactsViewViewModel.swift in Sources */ = {isa = PBXBuildFile; fileRef = CD3F1B152BCA826E00BDD3BC /* ContactsViewViewModel.swift */; };
		CD3F1B182BCA9BEA00BDD3BC /* ContactCellView.swift in Sources */ = {isa = PBXBuildFile; fileRef = CD3F1B172BCA9BEA00BDD3BC /* ContactCellView.swift */; };
		CD493AF32BC91CAB0008A34B /* NetworkManager.swift in Sources */ = {isa = PBXBuildFile; fileRef = CD493AF22BC91CAB0008A34B /* NetworkManager.swift */; };
		CD493AF62BC91CDE0008A34B /* Alamofire in Frameworks */ = {isa = PBXBuildFile; productRef = CD493AF52BC91CDE0008A34B /* Alamofire */; };
		CD493AF82BC91CDE0008A34B /* AlamofireDynamic in Frameworks */ = {isa = PBXBuildFile; productRef = CD493AF72BC91CDE0008A34B /* AlamofireDynamic */; };
		CD493AFA2BC91F550008A34B /* Company.swift in Sources */ = {isa = PBXBuildFile; fileRef = CD493AF92BC91F550008A34B /* Company.swift */; };
		CD834E192BC3FC1800C18624 /* ServiceDeskApp.swift in Sources */ = {isa = PBXBuildFile; fileRef = CD834E182BC3FC1800C18624 /* ServiceDeskApp.swift */; };
		CD834E1B2BC3FC1800C18624 /* LoginView.swift in Sources */ = {isa = PBXBuildFile; fileRef = CD834E1A2BC3FC1800C18624 /* LoginView.swift */; };
		CD834E1D2BC3FC1900C18624 /* Assets.xcassets in Resources */ = {isa = PBXBuildFile; fileRef = CD834E1C2BC3FC1900C18624 /* Assets.xcassets */; };
		CD834E202BC3FC1900C18624 /* Preview Assets.xcassets in Resources */ = {isa = PBXBuildFile; fileRef = CD834E1F2BC3FC1900C18624 /* Preview Assets.xcassets */; };
/* End PBXBuildFile section */

/* Begin PBXFileReference section */
		CD3D2EAE2BC551D8000DB275 /* MainView.swift */ = {isa = PBXFileReference; lastKnownFileType = sourcecode.swift; path = MainView.swift; sourceTree = "<group>"; };
		CD3D2EB12BC55279000DB275 /* ContactsView.swift */ = {isa = PBXFileReference; lastKnownFileType = sourcecode.swift; path = ContactsView.swift; sourceTree = "<group>"; };
		CD3D2EB32BC552A4000DB275 /* DepartmentsView.swift */ = {isa = PBXFileReference; lastKnownFileType = sourcecode.swift; path = DepartmentsView.swift; sourceTree = "<group>"; };
		CD3D2EB72BC5535B000DB275 /* User.swift */ = {isa = PBXFileReference; lastKnownFileType = sourcecode.swift; path = User.swift; sourceTree = "<group>"; };
		CD3D2EBA2BC55495000DB275 /* DataStore.swift */ = {isa = PBXFileReference; lastKnownFileType = sourcecode.swift; path = DataStore.swift; sourceTree = "<group>"; };
		CD3D2EBD2BC5591E000DB275 /* ContactDetailsView.swift */ = {isa = PBXFileReference; lastKnownFileType = sourcecode.swift; path = ContactDetailsView.swift; sourceTree = "<group>"; };
		CD3D2EC02BC55FBA000DB275 /* RootView.swift */ = {isa = PBXFileReference; lastKnownFileType = sourcecode.swift; path = RootView.swift; sourceTree = "<group>"; };
		CD3D2EC32BC56059000DB275 /* LoginViewViewModel.swift */ = {isa = PBXFileReference; lastKnownFileType = sourcecode.swift; path = LoginViewViewModel.swift; sourceTree = "<group>"; };
		CD3D2EC52BC5612C000DB275 /* StorageManager.swift */ = {isa = PBXFileReference; lastKnownFileType = sourcecode.swift; path = StorageManager.swift; sourceTree = "<group>"; };
		CD3F1B152BCA826E00BDD3BC /* ContactsViewViewModel.swift */ = {isa = PBXFileReference; lastKnownFileType = sourcecode.swift; path = ContactsViewViewModel.swift; sourceTree = "<group>"; };
		CD3F1B172BCA9BEA00BDD3BC /* ContactCellView.swift */ = {isa = PBXFileReference; lastKnownFileType = sourcecode.swift; path = ContactCellView.swift; sourceTree = "<group>"; };
		CD493AF22BC91CAB0008A34B /* NetworkManager.swift */ = {isa = PBXFileReference; lastKnownFileType = sourcecode.swift; path = NetworkManager.swift; sourceTree = "<group>"; };
		CD493AF92BC91F550008A34B /* Company.swift */ = {isa = PBXFileReference; lastKnownFileType = sourcecode.swift; path = Company.swift; sourceTree = "<group>"; };
		CD834E152BC3FC1800C18624 /* ServiceDesk.app */ = {isa = PBXFileReference; explicitFileType = wrapper.application; includeInIndex = 0; path = ServiceDesk.app; sourceTree = BUILT_PRODUCTS_DIR; };
		CD834E182BC3FC1800C18624 /* ServiceDeskApp.swift */ = {isa = PBXFileReference; lastKnownFileType = sourcecode.swift; path = ServiceDeskApp.swift; sourceTree = "<group>"; };
		CD834E1A2BC3FC1800C18624 /* LoginView.swift */ = {isa = PBXFileReference; lastKnownFileType = sourcecode.swift; path = LoginView.swift; sourceTree = "<group>"; };
		CD834E1C2BC3FC1900C18624 /* Assets.xcassets */ = {isa = PBXFileReference; lastKnownFileType = folder.assetcatalog; path = Assets.xcassets; sourceTree = "<group>"; };
		CD834E1F2BC3FC1900C18624 /* Preview Assets.xcassets */ = {isa = PBXFileReference; lastKnownFileType = folder.assetcatalog; path = "Preview Assets.xcassets"; sourceTree = "<group>"; };
/* End PBXFileReference section */

/* Begin PBXFrameworksBuildPhase section */
		CD834E122BC3FC1800C18624 /* Frameworks */ = {
			isa = PBXFrameworksBuildPhase;
			buildActionMask = 2147483647;
			files = (
				CD493AF62BC91CDE0008A34B /* Alamofire in Frameworks */,
				CD493AF82BC91CDE0008A34B /* AlamofireDynamic in Frameworks */,
			);
			runOnlyForDeploymentPostprocessing = 0;
		};
/* End PBXFrameworksBuildPhase section */

/* Begin PBXGroup section */
		CD3D2EAD2BC5518E000DB275 /* LoginView */ = {
			isa = PBXGroup;
			children = (
				CD834E1A2BC3FC1800C18624 /* LoginView.swift */,
				CD3D2EC32BC56059000DB275 /* LoginViewViewModel.swift */,
			);
			path = LoginView;
			sourceTree = "<group>";
		};
		CD3D2EB02BC551E2000DB275 /* MainView */ = {
			isa = PBXGroup;
			children = (
				CD3D2EAE2BC551D8000DB275 /* MainView.swift */,
			);
			path = MainView;
			sourceTree = "<group>";
		};
		CD3D2EB52BC552AE000DB275 /* ContactsView */ = {
			isa = PBXGroup;
			children = (
				CD3D2EB12BC55279000DB275 /* ContactsView.swift */,
				CD3F1B152BCA826E00BDD3BC /* ContactsViewViewModel.swift */,
				CD3F1B192BCA9BF600BDD3BC /* ContactCell */,
			);
			path = ContactsView;
			sourceTree = "<group>";
		};
		CD3D2EB62BC552C2000DB275 /* DepartmentsView */ = {
			isa = PBXGroup;
			children = (
				CD3D2EB32BC552A4000DB275 /* DepartmentsView.swift */,
			);
			path = DepartmentsView;
			sourceTree = "<group>";
		};
		CD3D2EB92BC55360000DB275 /* Models */ = {
			isa = PBXGroup;
			children = (
				CD3D2EB72BC5535B000DB275 /* User.swift */,
				CD493AF92BC91F550008A34B /* Company.swift */,
			);
			path = Models;
			sourceTree = "<group>";
		};
		CD3D2EBC2BC5549B000DB275 /* Services */ = {
			isa = PBXGroup;
			children = (
				CD3D2EBA2BC55495000DB275 /* DataStore.swift */,
				CD3D2EC52BC5612C000DB275 /* StorageManager.swift */,
				CD493AF22BC91CAB0008A34B /* NetworkManager.swift */,
			);
			path = Services;
			sourceTree = "<group>";
		};
		CD3D2EBF2BC55923000DB275 /* ContactDetailsView */ = {
			isa = PBXGroup;
			children = (
				CD3D2EBD2BC5591E000DB275 /* ContactDetailsView.swift */,
			);
			path = ContactDetailsView;
			sourceTree = "<group>";
		};
		CD3D2EC22BC55FED000DB275 /* Views */ = {
			isa = PBXGroup;
			children = (
				CD3D2EC02BC55FBA000DB275 /* RootView.swift */,
			);
			path = Views;
			sourceTree = "<group>";
		};
		CD3F1B192BCA9BF600BDD3BC /* ContactCell */ = {
			isa = PBXGroup;
			children = (
				CD3F1B172BCA9BEA00BDD3BC /* ContactCellView.swift */,
			);
			path = ContactCell;
			sourceTree = "<group>";
		};
		CD834E0C2BC3FC1800C18624 = {
			isa = PBXGroup;
			children = (
				CD834E172BC3FC1800C18624 /* ServiceDesk */,
				CD834E162BC3FC1800C18624 /* Products */,
			);
			sourceTree = "<group>";
		};
		CD834E162BC3FC1800C18624 /* Products */ = {
			isa = PBXGroup;
			children = (
				CD834E152BC3FC1800C18624 /* ServiceDesk.app */,
			);
			name = Products;
			sourceTree = "<group>";
		};
		CD834E172BC3FC1800C18624 /* ServiceDesk */ = {
			isa = PBXGroup;
			children = (
				CD834E182BC3FC1800C18624 /* ServiceDeskApp.swift */,
				CD3D2EAD2BC5518E000DB275 /* LoginView */,
				CD3D2EB02BC551E2000DB275 /* MainView */,
				CD3D2EB62BC552C2000DB275 /* DepartmentsView */,
				CD3D2EB52BC552AE000DB275 /* ContactsView */,
				CD3D2EBF2BC55923000DB275 /* ContactDetailsView */,
				CD3D2EB92BC55360000DB275 /* Models */,
				CD3D2EBC2BC5549B000DB275 /* Services */,
				CD3D2EC22BC55FED000DB275 /* Views */,
				CD834E1C2BC3FC1900C18624 /* Assets.xcassets */,
				CD834E1E2BC3FC1900C18624 /* Preview Content */,
			);
			path = ServiceDesk;
			sourceTree = "<group>";
		};
		CD834E1E2BC3FC1900C18624 /* Preview Content */ = {
			isa = PBXGroup;
			children = (
				CD834E1F2BC3FC1900C18624 /* Preview Assets.xcassets */,
			);
			path = "Preview Content";
			sourceTree = "<group>";
		};
/* End PBXGroup section */

/* Begin PBXNativeTarget section */
		CD834E142BC3FC1800C18624 /* ServiceDesk */ = {
			isa = PBXNativeTarget;
			buildConfigurationList = CD834E232BC3FC1900C18624 /* Build configuration list for PBXNativeTarget "ServiceDesk" */;
			buildPhases = (
				CD834E112BC3FC1800C18624 /* Sources */,
				CD834E122BC3FC1800C18624 /* Frameworks */,
				CD834E132BC3FC1800C18624 /* Resources */,
			);
			buildRules = (
			);
			dependencies = (
			);
			name = ServiceDesk;
			packageProductDependencies = (
				CD493AF52BC91CDE0008A34B /* Alamofire */,
				CD493AF72BC91CDE0008A34B /* AlamofireDynamic */,
			);
			productName = ServiceDesk;
			productReference = CD834E152BC3FC1800C18624 /* ServiceDesk.app */;
			productType = "com.apple.product-type.application";
		};
/* End PBXNativeTarget section */

/* Begin PBXProject section */
		CD834E0D2BC3FC1800C18624 /* Project object */ = {
			isa = PBXProject;
			attributes = {
				BuildIndependentTargetsInParallel = 1;
				LastSwiftUpdateCheck = 1520;
				LastUpgradeCheck = 1520;
				TargetAttributes = {
					CD834E142BC3FC1800C18624 = {
						CreatedOnToolsVersion = 15.2;
					};
				};
			};
			buildConfigurationList = CD834E102BC3FC1800C18624 /* Build configuration list for PBXProject "ServiceDesk" */;
			compatibilityVersion = "Xcode 14.0";
			developmentRegion = en;
			hasScannedForEncodings = 0;
			knownRegions = (
				en,
				Base,
			);
			mainGroup = CD834E0C2BC3FC1800C18624;
			packageReferences = (
				CD493AF42BC91CDE0008A34B /* XCRemoteSwiftPackageReference "Alamofire" */,
			);
			productRefGroup = CD834E162BC3FC1800C18624 /* Products */;
			projectDirPath = "";
			projectRoot = "";
			targets = (
				CD834E142BC3FC1800C18624 /* ServiceDesk */,
			);
		};
/* End PBXProject section */

/* Begin PBXResourcesBuildPhase section */
		CD834E132BC3FC1800C18624 /* Resources */ = {
			isa = PBXResourcesBuildPhase;
			buildActionMask = 2147483647;
			files = (
				CD834E202BC3FC1900C18624 /* Preview Assets.xcassets in Resources */,
				CD834E1D2BC3FC1900C18624 /* Assets.xcassets in Resources */,
			);
			runOnlyForDeploymentPostprocessing = 0;
		};
/* End PBXResourcesBuildPhase section */

/* Begin PBXSourcesBuildPhase section */
		CD834E112BC3FC1800C18624 /* Sources */ = {
			isa = PBXSourcesBuildPhase;
			buildActionMask = 2147483647;
			files = (
				CD493AFA2BC91F550008A34B /* Company.swift in Sources */,
				CD493AF32BC91CAB0008A34B /* NetworkManager.swift in Sources */,
				CD3D2EBE2BC5591E000DB275 /* ContactDetailsView.swift in Sources */,
				CD3D2EBB2BC55495000DB275 /* DataStore.swift in Sources */,
				CD3D2EC62BC5612C000DB275 /* StorageManager.swift in Sources */,
				CD834E1B2BC3FC1800C18624 /* LoginView.swift in Sources */,
				CD3D2EAF2BC551D8000DB275 /* MainView.swift in Sources */,
				CD3D2EB82BC5535B000DB275 /* User.swift in Sources */,
				CD3F1B162BCA826E00BDD3BC /* ContactsViewViewModel.swift in Sources */,
				CD3D2EC42BC56059000DB275 /* LoginViewViewModel.swift in Sources */,
				CD3D2EC12BC55FBA000DB275 /* RootView.swift in Sources */,
				CD3F1B182BCA9BEA00BDD3BC /* ContactCellView.swift in Sources */,
				CD3D2EB42BC552A4000DB275 /* DepartmentsView.swift in Sources */,
				CD834E192BC3FC1800C18624 /* ServiceDeskApp.swift in Sources */,
				CD3D2EB22BC55279000DB275 /* ContactsView.swift in Sources */,
			);
			runOnlyForDeploymentPostprocessing = 0;
		};
/* End PBXSourcesBuildPhase section */

/* Begin XCBuildConfiguration section */
		CD834E212BC3FC1900C18624 /* Debug */ = {
			isa = XCBuildConfiguration;
			buildSettings = {
				ALWAYS_SEARCH_USER_PATHS = NO;
				ASSETCATALOG_COMPILER_GENERATE_SWIFT_ASSET_SYMBOL_EXTENSIONS = YES;
				CLANG_ANALYZER_NONNULL = YES;
				CLANG_ANALYZER_NUMBER_OBJECT_CONVERSION = YES_AGGRESSIVE;
				CLANG_CXX_LANGUAGE_STANDARD = "gnu++20";
				CLANG_ENABLE_MODULES = YES;
				CLANG_ENABLE_OBJC_ARC = YES;
				CLANG_ENABLE_OBJC_WEAK = YES;
				CLANG_WARN_BLOCK_CAPTURE_AUTORELEASING = YES;
				CLANG_WARN_BOOL_CONVERSION = YES;
				CLANG_WARN_COMMA = YES;
				CLANG_WARN_CONSTANT_CONVERSION = YES;
				CLANG_WARN_DEPRECATED_OBJC_IMPLEMENTATIONS = YES;
				CLANG_WARN_DIRECT_OBJC_ISA_USAGE = YES_ERROR;
				CLANG_WARN_DOCUMENTATION_COMMENTS = YES;
				CLANG_WARN_EMPTY_BODY = YES;
				CLANG_WARN_ENUM_CONVERSION = YES;
				CLANG_WARN_INFINITE_RECURSION = YES;
				CLANG_WARN_INT_CONVERSION = YES;
				CLANG_WARN_NON_LITERAL_NULL_CONVERSION = YES;
				CLANG_WARN_OBJC_IMPLICIT_RETAIN_SELF = YES;
				CLANG_WARN_OBJC_LITERAL_CONVERSION = YES;
				CLANG_WARN_OBJC_ROOT_CLASS = YES_ERROR;
				CLANG_WARN_QUOTED_INCLUDE_IN_FRAMEWORK_HEADER = YES;
				CLANG_WARN_RANGE_LOOP_ANALYSIS = YES;
				CLANG_WARN_STRICT_PROTOTYPES = YES;
				CLANG_WARN_SUSPICIOUS_MOVE = YES;
				CLANG_WARN_UNGUARDED_AVAILABILITY = YES_AGGRESSIVE;
				CLANG_WARN_UNREACHABLE_CODE = YES;
				CLANG_WARN__DUPLICATE_METHOD_MATCH = YES;
				COPY_PHASE_STRIP = NO;
				DEBUG_INFORMATION_FORMAT = dwarf;
				ENABLE_STRICT_OBJC_MSGSEND = YES;
				ENABLE_TESTABILITY = YES;
				ENABLE_USER_SCRIPT_SANDBOXING = YES;
				GCC_C_LANGUAGE_STANDARD = gnu17;
				GCC_DYNAMIC_NO_PIC = NO;
				GCC_NO_COMMON_BLOCKS = YES;
				GCC_OPTIMIZATION_LEVEL = 0;
				GCC_PREPROCESSOR_DEFINITIONS = (
					"DEBUG=1",
					"$(inherited)",
				);
				GCC_WARN_64_TO_32_BIT_CONVERSION = YES;
				GCC_WARN_ABOUT_RETURN_TYPE = YES_ERROR;
				GCC_WARN_UNDECLARED_SELECTOR = YES;
				GCC_WARN_UNINITIALIZED_AUTOS = YES_AGGRESSIVE;
				GCC_WARN_UNUSED_FUNCTION = YES;
				GCC_WARN_UNUSED_VARIABLE = YES;
				IPHONEOS_DEPLOYMENT_TARGET = 17.2;
				LOCALIZATION_PREFERS_STRING_CATALOGS = YES;
				MTL_ENABLE_DEBUG_INFO = INCLUDE_SOURCE;
				MTL_FAST_MATH = YES;
				ONLY_ACTIVE_ARCH = YES;
				SDKROOT = iphoneos;
				SWIFT_ACTIVE_COMPILATION_CONDITIONS = "DEBUG $(inherited)";
				SWIFT_OPTIMIZATION_LEVEL = "-Onone";
			};
			name = Debug;
		};
		CD834E222BC3FC1900C18624 /* Release */ = {
			isa = XCBuildConfiguration;
			buildSettings = {
				ALWAYS_SEARCH_USER_PATHS = NO;
				ASSETCATALOG_COMPILER_GENERATE_SWIFT_ASSET_SYMBOL_EXTENSIONS = YES;
				CLANG_ANALYZER_NONNULL = YES;
				CLANG_ANALYZER_NUMBER_OBJECT_CONVERSION = YES_AGGRESSIVE;
				CLANG_CXX_LANGUAGE_STANDARD = "gnu++20";
				CLANG_ENABLE_MODULES = YES;
				CLANG_ENABLE_OBJC_ARC = YES;
				CLANG_ENABLE_OBJC_WEAK = YES;
				CLANG_WARN_BLOCK_CAPTURE_AUTORELEASING = YES;
				CLANG_WARN_BOOL_CONVERSION = YES;
				CLANG_WARN_COMMA = YES;
				CLANG_WARN_CONSTANT_CONVERSION = YES;
				CLANG_WARN_DEPRECATED_OBJC_IMPLEMENTATIONS = YES;
				CLANG_WARN_DIRECT_OBJC_ISA_USAGE = YES_ERROR;
				CLANG_WARN_DOCUMENTATION_COMMENTS = YES;
				CLANG_WARN_EMPTY_BODY = YES;
				CLANG_WARN_ENUM_CONVERSION = YES;
				CLANG_WARN_INFINITE_RECURSION = YES;
				CLANG_WARN_INT_CONVERSION = YES;
				CLANG_WARN_NON_LITERAL_NULL_CONVERSION = YES;
				CLANG_WARN_OBJC_IMPLICIT_RETAIN_SELF = YES;
				CLANG_WARN_OBJC_LITERAL_CONVERSION = YES;
				CLANG_WARN_OBJC_ROOT_CLASS = YES_ERROR;
				CLANG_WARN_QUOTED_INCLUDE_IN_FRAMEWORK_HEADER = YES;
				CLANG_WARN_RANGE_LOOP_ANALYSIS = YES;
				CLANG_WARN_STRICT_PROTOTYPES = YES;
				CLANG_WARN_SUSPICIOUS_MOVE = YES;
				CLANG_WARN_UNGUARDED_AVAILABILITY = YES_AGGRESSIVE;
				CLANG_WARN_UNREACHABLE_CODE = YES;
				CLANG_WARN__DUPLICATE_METHOD_MATCH = YES;
				COPY_PHASE_STRIP = NO;
				DEBUG_INFORMATION_FORMAT = "dwarf-with-dsym";
				ENABLE_NS_ASSERTIONS = NO;
				ENABLE_STRICT_OBJC_MSGSEND = YES;
				ENABLE_USER_SCRIPT_SANDBOXING = YES;
				GCC_C_LANGUAGE_STANDARD = gnu17;
				GCC_NO_COMMON_BLOCKS = YES;
				GCC_WARN_64_TO_32_BIT_CONVERSION = YES;
				GCC_WARN_ABOUT_RETURN_TYPE = YES_ERROR;
				GCC_WARN_UNDECLARED_SELECTOR = YES;
				GCC_WARN_UNINITIALIZED_AUTOS = YES_AGGRESSIVE;
				GCC_WARN_UNUSED_FUNCTION = YES;
				GCC_WARN_UNUSED_VARIABLE = YES;
				IPHONEOS_DEPLOYMENT_TARGET = 17.2;
				LOCALIZATION_PREFERS_STRING_CATALOGS = YES;
				MTL_ENABLE_DEBUG_INFO = NO;
				MTL_FAST_MATH = YES;
				SDKROOT = iphoneos;
				SWIFT_COMPILATION_MODE = wholemodule;
				VALIDATE_PRODUCT = YES;
			};
			name = Release;
		};
		CD834E242BC3FC1900C18624 /* Debug */ = {
			isa = XCBuildConfiguration;
			buildSettings = {
				ASSETCATALOG_COMPILER_APPICON_NAME = AppIcon;
				ASSETCATALOG_COMPILER_GLOBAL_ACCENT_COLOR_NAME = AccentColor;
				CODE_SIGN_STYLE = Automatic;
				CURRENT_PROJECT_VERSION = 1;
				DEVELOPMENT_ASSET_PATHS = "\"ServiceDesk/Preview Content\"";
				DEVELOPMENT_TEAM = V3YK82Q5NN;
				ENABLE_PREVIEWS = YES;
				GENERATE_INFOPLIST_FILE = YES;
				INFOPLIST_KEY_CFBundleDisplayName = "Service Desk";
				INFOPLIST_KEY_UIApplicationSceneManifest_Generation = YES;
				INFOPLIST_KEY_UIApplicationSupportsIndirectInputEvents = YES;
				INFOPLIST_KEY_UILaunchScreen_Generation = YES;
				INFOPLIST_KEY_UISupportedInterfaceOrientations = UIInterfaceOrientationPortrait;
				INFOPLIST_KEY_UISupportedInterfaceOrientations_iPad = "UIInterfaceOrientationLandscapeLeft UIInterfaceOrientationLandscapeRight UIInterfaceOrientationPortrait UIInterfaceOrientationPortraitUpsideDown";
				LD_RUNPATH_SEARCH_PATHS = (
					"$(inherited)",
					"@executable_path/Frameworks",
				);
				MARKETING_VERSION = 1.0;
				PRODUCT_BUNDLE_IDENTIFIER = broski43.ServiceDesk;
				PRODUCT_NAME = "$(TARGET_NAME)";
				SUPPORTED_PLATFORMS = "iphoneos iphonesimulator";
				SUPPORTS_MACCATALYST = NO;
				SUPPORTS_MAC_DESIGNED_FOR_IPHONE_IPAD = NO;
				SUPPORTS_XR_DESIGNED_FOR_IPHONE_IPAD = NO;
				SWIFT_EMIT_LOC_STRINGS = YES;
				SWIFT_VERSION = 5.0;
				TARGETED_DEVICE_FAMILY = 1;
			};
			name = Debug;
		};
		CD834E252BC3FC1900C18624 /* Release */ = {
			isa = XCBuildConfiguration;
			buildSettings = {
				ASSETCATALOG_COMPILER_APPICON_NAME = AppIcon;
				ASSETCATALOG_COMPILER_GLOBAL_ACCENT_COLOR_NAME = AccentColor;
				CODE_SIGN_STYLE = Automatic;
				CURRENT_PROJECT_VERSION = 1;
				DEVELOPMENT_ASSET_PATHS = "\"ServiceDesk/Preview Content\"";
				DEVELOPMENT_TEAM = V3YK82Q5NN;
				ENABLE_PREVIEWS = YES;
				GENERATE_INFOPLIST_FILE = YES;
				INFOPLIST_KEY_CFBundleDisplayName = "Service Desk";
				INFOPLIST_KEY_UIApplicationSceneManifest_Generation = YES;
				INFOPLIST_KEY_UIApplicationSupportsIndirectInputEvents = YES;
				INFOPLIST_KEY_UILaunchScreen_Generation = YES;
				INFOPLIST_KEY_UISupportedInterfaceOrientations = UIInterfaceOrientationPortrait;
				INFOPLIST_KEY_UISupportedInterfaceOrientations_iPad = "UIInterfaceOrientationLandscapeLeft UIInterfaceOrientationLandscapeRight UIInterfaceOrientationPortrait UIInterfaceOrientationPortraitUpsideDown";
				LD_RUNPATH_SEARCH_PATHS = (
					"$(inherited)",
					"@executable_path/Frameworks",
				);
				MARKETING_VERSION = 1.0;
				PRODUCT_BUNDLE_IDENTIFIER = broski43.ServiceDesk;
				PRODUCT_NAME = "$(TARGET_NAME)";
				SUPPORTED_PLATFORMS = "iphoneos iphonesimulator";
				SUPPORTS_MACCATALYST = NO;
				SUPPORTS_MAC_DESIGNED_FOR_IPHONE_IPAD = NO;
				SUPPORTS_XR_DESIGNED_FOR_IPHONE_IPAD = NO;
				SWIFT_EMIT_LOC_STRINGS = YES;
				SWIFT_VERSION = 5.0;
				TARGETED_DEVICE_FAMILY = 1;
			};
			name = Release;
		};
/* End XCBuildConfiguration section */

/* Begin XCConfigurationList section */
		CD834E102BC3FC1800C18624 /* Build configuration list for PBXProject "ServiceDesk" */ = {
			isa = XCConfigurationList;
			buildConfigurations = (
				CD834E212BC3FC1900C18624 /* Debug */,
				CD834E222BC3FC1900C18624 /* Release */,
			);
			defaultConfigurationIsVisible = 0;
			defaultConfigurationName = Release;
		};
		CD834E232BC3FC1900C18624 /* Build configuration list for PBXNativeTarget "ServiceDesk" */ = {
			isa = XCConfigurationList;
			buildConfigurations = (
				CD834E242BC3FC1900C18624 /* Debug */,
				CD834E252BC3FC1900C18624 /* Release */,
			);
			defaultConfigurationIsVisible = 0;
			defaultConfigurationName = Release;
		};
/* End XCConfigurationList section */

/* Begin XCRemoteSwiftPackageReference section */
		CD493AF42BC91CDE0008A34B /* XCRemoteSwiftPackageReference "Alamofire" */ = {
			isa = XCRemoteSwiftPackageReference;
			repositoryURL = "https://github.com/Alamofire/Alamofire";
			requirement = {
				kind = upToNextMajorVersion;
				minimumVersion = 5.9.1;
			};
		};
/* End XCRemoteSwiftPackageReference section */

/* Begin XCSwiftPackageProductDependency section */
		CD493AF52BC91CDE0008A34B /* Alamofire */ = {
			isa = XCSwiftPackageProductDependency;
			package = CD493AF42BC91CDE0008A34B /* XCRemoteSwiftPackageReference "Alamofire" */;
			productName = Alamofire;
		};
		CD493AF72BC91CDE0008A34B /* AlamofireDynamic */ = {
			isa = XCSwiftPackageProductDependency;
			package = CD493AF42BC91CDE0008A34B /* XCRemoteSwiftPackageReference "Alamofire" */;
			productName = AlamofireDynamic;
		};
/* End XCSwiftPackageProductDependency section */
	};
	rootObject = CD834E0D2BC3FC1800C18624 /* Project object */;
}
