// !$*UTF8*$!
{
	archiveVersion = 1;
	classes = {
	};
	objectVersion = 56;
	objects = {

/* Begin PBXBuildFile section */
		CD3A7D502BCFAB4700108768 /* TaskView.swift in Sources */ = {isa = PBXBuildFile; fileRef = CD3A7D4F2BCFAB4700108768 /* TaskView.swift */; };
		CD3D2EAF2BC551D8000DB275 /* MainView.swift in Sources */ = {isa = PBXBuildFile; fileRef = CD3D2EAE2BC551D8000DB275 /* MainView.swift */; };
		CD3D2EB22BC55279000DB275 /* ContactsView.swift in Sources */ = {isa = PBXBuildFile; fileRef = CD3D2EB12BC55279000DB275 /* ContactsView.swift */; };
		CD3D2EB42BC552A4000DB275 /* DepartmentsView.swift in Sources */ = {isa = PBXBuildFile; fileRef = CD3D2EB32BC552A4000DB275 /* DepartmentsView.swift */; };
		CD3D2EB82BC5535B000DB275 /* User.swift in Sources */ = {isa = PBXBuildFile; fileRef = CD3D2EB72BC5535B000DB275 /* User.swift */; };
		CD3D2EBE2BC5591E000DB275 /* ContactDetailsView.swift in Sources */ = {isa = PBXBuildFile; fileRef = CD3D2EBD2BC5591E000DB275 /* ContactDetailsView.swift */; };
		CD3D2EC12BC55FBA000DB275 /* RootView.swift in Sources */ = {isa = PBXBuildFile; fileRef = CD3D2EC02BC55FBA000DB275 /* RootView.swift */; };
		CD3D2EC42BC56059000DB275 /* LoginViewViewModel.swift in Sources */ = {isa = PBXBuildFile; fileRef = CD3D2EC32BC56059000DB275 /* LoginViewViewModel.swift */; };
		CD3F1B162BCA826E00BDD3BC /* ContactsViewViewModel.swift in Sources */ = {isa = PBXBuildFile; fileRef = CD3F1B152BCA826E00BDD3BC /* ContactsViewViewModel.swift */; };
		CD3F1B182BCA9BEA00BDD3BC /* ContactCellView.swift in Sources */ = {isa = PBXBuildFile; fileRef = CD3F1B172BCA9BEA00BDD3BC /* ContactCellView.swift */; };
		CD3F1B1B2BCB1B8400BDD3BC /* DepartmentItemView.swift in Sources */ = {isa = PBXBuildFile; fileRef = CD3F1B1A2BCB1B8400BDD3BC /* DepartmentItemView.swift */; };
		CD3F1B1E2BCB254B00BDD3BC /* DepartmentDetailsView.swift in Sources */ = {isa = PBXBuildFile; fileRef = CD3F1B1D2BCB254B00BDD3BC /* DepartmentDetailsView.swift */; };
		CD45C0962BDA4E4900D9984E /* DepartmentDetailsViewViewModel.swift in Sources */ = {isa = PBXBuildFile; fileRef = CD45C0952BDA4E4900D9984E /* DepartmentDetailsViewViewModel.swift */; };
		CD493AF32BC91CAB0008A34B /* NetworkManager.swift in Sources */ = {isa = PBXBuildFile; fileRef = CD493AF22BC91CAB0008A34B /* NetworkManager.swift */; };
		CD493AF62BC91CDE0008A34B /* Alamofire in Frameworks */ = {isa = PBXBuildFile; productRef = CD493AF52BC91CDE0008A34B /* Alamofire */; };
		CD493AF82BC91CDE0008A34B /* AlamofireDynamic in Frameworks */ = {isa = PBXBuildFile; productRef = CD493AF72BC91CDE0008A34B /* AlamofireDynamic */; };
		CD493AFA2BC91F550008A34B /* Contact.swift in Sources */ = {isa = PBXBuildFile; fileRef = CD493AF92BC91F550008A34B /* Contact.swift */; };
		CD4963B82BDF7C90003DCF08 /* InputView.swift in Sources */ = {isa = PBXBuildFile; fileRef = CD4963B72BDF7C90003DCF08 /* InputView.swift */; };
		CD4963BA2BDF813C003DCF08 /* RegistrationView.swift in Sources */ = {isa = PBXBuildFile; fileRef = CD4963B92BDF813C003DCF08 /* RegistrationView.swift */; };
		CD4963BD2BDF89D7003DCF08 /* ProfileView.swift in Sources */ = {isa = PBXBuildFile; fileRef = CD4963BC2BDF89D7003DCF08 /* ProfileView.swift */; };
		CD4963C02BDF8B48003DCF08 /* SettingsRowView.swift in Sources */ = {isa = PBXBuildFile; fileRef = CD4963BF2BDF8B48003DCF08 /* SettingsRowView.swift */; };
		CD4963D02BDF9A2C003DCF08 /* FirebaseAuth in Frameworks */ = {isa = PBXBuildFile; productRef = CD4963CF2BDF9A2C003DCF08 /* FirebaseAuth */; };
		CD4963D22BDF9B23003DCF08 /* Assets.xcassets in Resources */ = {isa = PBXBuildFile; fileRef = CD834E1C2BC3FC1900C18624 /* Assets.xcassets */; };
		CD4963D32BDF9B28003DCF08 /* Preview Assets.xcassets in Resources */ = {isa = PBXBuildFile; fileRef = CD834E1F2BC3FC1900C18624 /* Preview Assets.xcassets */; };
		CD4963D42BDF9CAD003DCF08 /* GoogleService-Info.plist in Resources */ = {isa = PBXBuildFile; fileRef = CD4963C12BDF945B003DCF08 /* GoogleService-Info.plist */; };
		CD4963D62BDFA5F1003DCF08 /* FirebaseFirestoreSwift in Frameworks */ = {isa = PBXBuildFile; productRef = CD4963D52BDFA5F1003DCF08 /* FirebaseFirestoreSwift */; };
		CD4963D82BDFA649003DCF08 /* FirebaseFirestore in Frameworks */ = {isa = PBXBuildFile; productRef = CD4963D72BDFA649003DCF08 /* FirebaseFirestore */; };
		CD4964C12BDFE497003DCF08 /* RegistrationViewViewModel.swift in Sources */ = {isa = PBXBuildFile; fileRef = CD4964C02BDFE497003DCF08 /* RegistrationViewViewModel.swift */; };
		CD4964C52BE0F4A2003DCF08 /* BlueButtonView.swift in Sources */ = {isa = PBXBuildFile; fileRef = CD4964C42BE0F4A2003DCF08 /* BlueButtonView.swift */; };
		CD4964C72BE0FE14003DCF08 /* LogoView.swift in Sources */ = {isa = PBXBuildFile; fileRef = CD4964C62BE0FE14003DCF08 /* LogoView.swift */; };
		CD4964C92BE0FE8D003DCF08 /* RegistrationInputViews.swift in Sources */ = {isa = PBXBuildFile; fileRef = CD4964C82BE0FE8D003DCF08 /* RegistrationInputViews.swift */; };
		CD4964CC2BE0FF83003DCF08 /* ListDepartments.swift in Sources */ = {isa = PBXBuildFile; fileRef = CD4964CB2BE0FF83003DCF08 /* ListDepartments.swift */; };
		CD4964CE2BE10168003DCF08 /* SignInButtonView.swift in Sources */ = {isa = PBXBuildFile; fileRef = CD4964CD2BE10168003DCF08 /* SignInButtonView.swift */; };
		CD4964D02BE10276003DCF08 /* LoginInputViews.swift in Sources */ = {isa = PBXBuildFile; fileRef = CD4964CF2BE10276003DCF08 /* LoginInputViews.swift */; };
		CD4964D32BE1052B003DCF08 /* SignUpButtonView.swift in Sources */ = {isa = PBXBuildFile; fileRef = CD4964D22BE1052B003DCF08 /* SignUpButtonView.swift */; };
		CD4964D72BE10AEC003DCF08 /* CreateIncidentButton.swift in Sources */ = {isa = PBXBuildFile; fileRef = CD4964D62BE10AEC003DCF08 /* CreateIncidentButton.swift */; };
		CD4964DA2BE10DB3003DCF08 /* TasksSection.swift in Sources */ = {isa = PBXBuildFile; fileRef = CD4964D92BE10DB3003DCF08 /* TasksSection.swift */; };
		CD4964DC2BE11052003DCF08 /* AdvancedSearchSection.swift in Sources */ = {isa = PBXBuildFile; fileRef = CD4964DB2BE11052003DCF08 /* AdvancedSearchSection.swift */; };
		CD4964DE2BE110AB003DCF08 /* AwaitingApprovalSection.swift in Sources */ = {isa = PBXBuildFile; fileRef = CD4964DD2BE110AB003DCF08 /* AwaitingApprovalSection.swift */; };
		CD4964E02BE11141003DCF08 /* ExpandedTasks.swift in Sources */ = {isa = PBXBuildFile; fileRef = CD4964DF2BE11141003DCF08 /* ExpandedTasks.swift */; };
		CD4964E22BE1134F003DCF08 /* IncidentButtons.swift in Sources */ = {isa = PBXBuildFile; fileRef = CD4964E12BE1134F003DCF08 /* IncidentButtons.swift */; };
		CD4964E52BE115DD003DCF08 /* PrioritySectionView.swift in Sources */ = {isa = PBXBuildFile; fileRef = CD4964E42BE115DD003DCF08 /* PrioritySectionView.swift */; };
		CD4964E72BE1164C003DCF08 /* CategorySectionView.swift in Sources */ = {isa = PBXBuildFile; fileRef = CD4964E62BE1164C003DCF08 /* CategorySectionView.swift */; };
		CD4964E92BE116B9003DCF08 /* DetailSectionView.swift in Sources */ = {isa = PBXBuildFile; fileRef = CD4964E82BE116B9003DCF08 /* DetailSectionView.swift */; };
		CD4964EB2BE11710003DCF08 /* DescriptionSectionView.swift in Sources */ = {isa = PBXBuildFile; fileRef = CD4964EA2BE11710003DCF08 /* DescriptionSectionView.swift */; };
		CD4964ED2BE11763003DCF08 /* IncidentSections.swift in Sources */ = {isa = PBXBuildFile; fileRef = CD4964EC2BE11763003DCF08 /* IncidentSections.swift */; };
		CD4964EF2BE118DA003DCF08 /* TaskNumberSection.swift in Sources */ = {isa = PBXBuildFile; fileRef = CD4964EE2BE118DA003DCF08 /* TaskNumberSection.swift */; };
		CD4964F42BE11A10003DCF08 /* TaskDetailsSection.swift in Sources */ = {isa = PBXBuildFile; fileRef = CD4964F32BE11A10003DCF08 /* TaskDetailsSection.swift */; };
		CD4964F62BE11AE7003DCF08 /* TaskDescriptionSection.swift in Sources */ = {isa = PBXBuildFile; fileRef = CD4964F52BE11AE7003DCF08 /* TaskDescriptionSection.swift */; };
		CD4964F82BE1201C003DCF08 /* SearchFieldView.swift in Sources */ = {isa = PBXBuildFile; fileRef = CD4964F72BE1201C003DCF08 /* SearchFieldView.swift */; };
		CD4964FB2BE121C7003DCF08 /* FilteredTasksSection.swift in Sources */ = {isa = PBXBuildFile; fileRef = CD4964FA2BE121C7003DCF08 /* FilteredTasksSection.swift */; };
		CD4964FD2BE12505003DCF08 /* SearchSection.swift in Sources */ = {isa = PBXBuildFile; fileRef = CD4964FC2BE12505003DCF08 /* SearchSection.swift */; };
		CD4964FF2BE12634003DCF08 /* ContactList.swift in Sources */ = {isa = PBXBuildFile; fileRef = CD4964FE2BE12634003DCF08 /* ContactList.swift */; };
		CD5629B52BD7B41600C2ECF7 /* AdvancedSearchViewViewModel.swift in Sources */ = {isa = PBXBuildFile; fileRef = CD5629B42BD7B41600C2ECF7 /* AdvancedSearchViewViewModel.swift */; };
		CD588AAB2BD6488F00ADF3BE /* Task.swift in Sources */ = {isa = PBXBuildFile; fileRef = CD588AAA2BD6488F00ADF3BE /* Task.swift */; };
		CD588AAD2BD6562400ADF3BE /* DepartmentsViewViewModel.swift in Sources */ = {isa = PBXBuildFile; fileRef = CD588AAC2BD6562400ADF3BE /* DepartmentsViewViewModel.swift */; };
		CD588AAF2BD6793F00ADF3BE /* IncidentViewViewModel.swift in Sources */ = {isa = PBXBuildFile; fileRef = CD588AAE2BD6793F00ADF3BE /* IncidentViewViewModel.swift */; };
		CD5A18B32BD1034C00656EDF /* TaskCellView.swift in Sources */ = {isa = PBXBuildFile; fileRef = CD5A18B22BD1034C00656EDF /* TaskCellView.swift */; };
		CD5B9A922BD4B79C00714CCA /* AdvancedSearchView.swift in Sources */ = {isa = PBXBuildFile; fileRef = CD5B9A912BD4B79C00714CCA /* AdvancedSearchView.swift */; };
		CD5B9A952BD4B99B00714CCA /* IncidentView.swift in Sources */ = {isa = PBXBuildFile; fileRef = CD5B9A942BD4B99B00714CCA /* IncidentView.swift */; };
		CD5B9A982BD4D67B00714CCA /* TaskDetailsView.swift in Sources */ = {isa = PBXBuildFile; fileRef = CD5B9A972BD4D67B00714CCA /* TaskDetailsView.swift */; };
		CD834E192BC3FC1800C18624 /* ServiceDeskApp.swift in Sources */ = {isa = PBXBuildFile; fileRef = CD834E182BC3FC1800C18624 /* ServiceDeskApp.swift */; };
		CD834E1B2BC3FC1800C18624 /* LoginView.swift in Sources */ = {isa = PBXBuildFile; fileRef = CD834E1A2BC3FC1800C18624 /* LoginView.swift */; };
		CD9B24FF2BE14A590067891A /* AlamofireDynamic in Embed Frameworks */ = {isa = PBXBuildFile; productRef = CD493AF72BC91CDE0008A34B /* AlamofireDynamic */; settings = {ATTRIBUTES = (CodeSignOnCopy, ); }; };
/* End PBXBuildFile section */

/* Begin PBXCopyFilesBuildPhase section */
		CD9B25002BE14A590067891A /* Embed Frameworks */ = {
			isa = PBXCopyFilesBuildPhase;
			buildActionMask = 2147483647;
			dstPath = "";
			dstSubfolderSpec = 10;
			files = (
				CD9B24FF2BE14A590067891A /* AlamofireDynamic in Embed Frameworks */,
			);
			name = "Embed Frameworks";
			runOnlyForDeploymentPostprocessing = 0;
		};
/* End PBXCopyFilesBuildPhase section */

/* Begin PBXFileReference section */
		CD3A7D4F2BCFAB4700108768 /* TaskView.swift */ = {isa = PBXFileReference; lastKnownFileType = sourcecode.swift; path = TaskView.swift; sourceTree = "<group>"; };
		CD3D2EAE2BC551D8000DB275 /* MainView.swift */ = {isa = PBXFileReference; lastKnownFileType = sourcecode.swift; path = MainView.swift; sourceTree = "<group>"; };
		CD3D2EB12BC55279000DB275 /* ContactsView.swift */ = {isa = PBXFileReference; lastKnownFileType = sourcecode.swift; path = ContactsView.swift; sourceTree = "<group>"; };
		CD3D2EB32BC552A4000DB275 /* DepartmentsView.swift */ = {isa = PBXFileReference; lastKnownFileType = sourcecode.swift; path = DepartmentsView.swift; sourceTree = "<group>"; };
		CD3D2EB72BC5535B000DB275 /* User.swift */ = {isa = PBXFileReference; lastKnownFileType = sourcecode.swift; path = User.swift; sourceTree = "<group>"; };
		CD3D2EBD2BC5591E000DB275 /* ContactDetailsView.swift */ = {isa = PBXFileReference; lastKnownFileType = sourcecode.swift; path = ContactDetailsView.swift; sourceTree = "<group>"; };
		CD3D2EC02BC55FBA000DB275 /* RootView.swift */ = {isa = PBXFileReference; lastKnownFileType = sourcecode.swift; path = RootView.swift; sourceTree = "<group>"; };
		CD3D2EC32BC56059000DB275 /* LoginViewViewModel.swift */ = {isa = PBXFileReference; lastKnownFileType = sourcecode.swift; path = LoginViewViewModel.swift; sourceTree = "<group>"; };
		CD3F1B152BCA826E00BDD3BC /* ContactsViewViewModel.swift */ = {isa = PBXFileReference; lastKnownFileType = sourcecode.swift; path = ContactsViewViewModel.swift; sourceTree = "<group>"; };
		CD3F1B172BCA9BEA00BDD3BC /* ContactCellView.swift */ = {isa = PBXFileReference; lastKnownFileType = sourcecode.swift; path = ContactCellView.swift; sourceTree = "<group>"; };
		CD3F1B1A2BCB1B8400BDD3BC /* DepartmentItemView.swift */ = {isa = PBXFileReference; lastKnownFileType = sourcecode.swift; path = DepartmentItemView.swift; sourceTree = "<group>"; };
		CD3F1B1D2BCB254B00BDD3BC /* DepartmentDetailsView.swift */ = {isa = PBXFileReference; lastKnownFileType = sourcecode.swift; path = DepartmentDetailsView.swift; sourceTree = "<group>"; };
		CD45C0952BDA4E4900D9984E /* DepartmentDetailsViewViewModel.swift */ = {isa = PBXFileReference; lastKnownFileType = sourcecode.swift; path = DepartmentDetailsViewViewModel.swift; sourceTree = "<group>"; };
		CD493AF22BC91CAB0008A34B /* NetworkManager.swift */ = {isa = PBXFileReference; lastKnownFileType = sourcecode.swift; path = NetworkManager.swift; sourceTree = "<group>"; };
		CD493AF92BC91F550008A34B /* Contact.swift */ = {isa = PBXFileReference; lastKnownFileType = sourcecode.swift; path = Contact.swift; sourceTree = "<group>"; };
		CD4963B72BDF7C90003DCF08 /* InputView.swift */ = {isa = PBXFileReference; lastKnownFileType = sourcecode.swift; path = InputView.swift; sourceTree = "<group>"; };
		CD4963B92BDF813C003DCF08 /* RegistrationView.swift */ = {isa = PBXFileReference; lastKnownFileType = sourcecode.swift; path = RegistrationView.swift; sourceTree = "<group>"; };
		CD4963BC2BDF89D7003DCF08 /* ProfileView.swift */ = {isa = PBXFileReference; lastKnownFileType = sourcecode.swift; path = ProfileView.swift; sourceTree = "<group>"; };
		CD4963BF2BDF8B48003DCF08 /* SettingsRowView.swift */ = {isa = PBXFileReference; lastKnownFileType = sourcecode.swift; path = SettingsRowView.swift; sourceTree = "<group>"; };
		CD4963C12BDF945B003DCF08 /* GoogleService-Info.plist */ = {isa = PBXFileReference; lastKnownFileType = text.plist.xml; name = "GoogleService-Info.plist"; path = "ServiceDesk/GoogleService-Info.plist"; sourceTree = SOURCE_ROOT; };
		CD4964C02BDFE497003DCF08 /* RegistrationViewViewModel.swift */ = {isa = PBXFileReference; lastKnownFileType = sourcecode.swift; path = RegistrationViewViewModel.swift; sourceTree = "<group>"; };
		CD4964C42BE0F4A2003DCF08 /* BlueButtonView.swift */ = {isa = PBXFileReference; lastKnownFileType = sourcecode.swift; path = BlueButtonView.swift; sourceTree = "<group>"; };
		CD4964C62BE0FE14003DCF08 /* LogoView.swift */ = {isa = PBXFileReference; lastKnownFileType = sourcecode.swift; path = LogoView.swift; sourceTree = "<group>"; };
		CD4964C82BE0FE8D003DCF08 /* RegistrationInputViews.swift */ = {isa = PBXFileReference; lastKnownFileType = sourcecode.swift; path = RegistrationInputViews.swift; sourceTree = "<group>"; };
		CD4964CB2BE0FF83003DCF08 /* ListDepartments.swift */ = {isa = PBXFileReference; lastKnownFileType = sourcecode.swift; path = ListDepartments.swift; sourceTree = "<group>"; };
		CD4964CD2BE10168003DCF08 /* SignInButtonView.swift */ = {isa = PBXFileReference; lastKnownFileType = sourcecode.swift; path = SignInButtonView.swift; sourceTree = "<group>"; };
		CD4964CF2BE10276003DCF08 /* LoginInputViews.swift */ = {isa = PBXFileReference; lastKnownFileType = sourcecode.swift; path = LoginInputViews.swift; sourceTree = "<group>"; };
		CD4964D22BE1052B003DCF08 /* SignUpButtonView.swift */ = {isa = PBXFileReference; lastKnownFileType = sourcecode.swift; path = SignUpButtonView.swift; sourceTree = "<group>"; };
		CD4964D62BE10AEC003DCF08 /* CreateIncidentButton.swift */ = {isa = PBXFileReference; lastKnownFileType = sourcecode.swift; path = CreateIncidentButton.swift; sourceTree = "<group>"; };
		CD4964D92BE10DB3003DCF08 /* TasksSection.swift */ = {isa = PBXFileReference; lastKnownFileType = sourcecode.swift; path = TasksSection.swift; sourceTree = "<group>"; };
		CD4964DB2BE11052003DCF08 /* AdvancedSearchSection.swift */ = {isa = PBXFileReference; lastKnownFileType = sourcecode.swift; path = AdvancedSearchSection.swift; sourceTree = "<group>"; };
		CD4964DD2BE110AB003DCF08 /* AwaitingApprovalSection.swift */ = {isa = PBXFileReference; lastKnownFileType = sourcecode.swift; path = AwaitingApprovalSection.swift; sourceTree = "<group>"; };
		CD4964DF2BE11141003DCF08 /* ExpandedTasks.swift */ = {isa = PBXFileReference; lastKnownFileType = sourcecode.swift; path = ExpandedTasks.swift; sourceTree = "<group>"; };
		CD4964E12BE1134F003DCF08 /* IncidentButtons.swift */ = {isa = PBXFileReference; lastKnownFileType = sourcecode.swift; path = IncidentButtons.swift; sourceTree = "<group>"; };
		CD4964E42BE115DD003DCF08 /* PrioritySectionView.swift */ = {isa = PBXFileReference; lastKnownFileType = sourcecode.swift; path = PrioritySectionView.swift; sourceTree = "<group>"; };
		CD4964E62BE1164C003DCF08 /* CategorySectionView.swift */ = {isa = PBXFileReference; lastKnownFileType = sourcecode.swift; path = CategorySectionView.swift; sourceTree = "<group>"; };
		CD4964E82BE116B9003DCF08 /* DetailSectionView.swift */ = {isa = PBXFileReference; lastKnownFileType = sourcecode.swift; path = DetailSectionView.swift; sourceTree = "<group>"; };
		CD4964EA2BE11710003DCF08 /* DescriptionSectionView.swift */ = {isa = PBXFileReference; lastKnownFileType = sourcecode.swift; path = DescriptionSectionView.swift; sourceTree = "<group>"; };
		CD4964EC2BE11763003DCF08 /* IncidentSections.swift */ = {isa = PBXFileReference; lastKnownFileType = sourcecode.swift; path = IncidentSections.swift; sourceTree = "<group>"; };
		CD4964EE2BE118DA003DCF08 /* TaskNumberSection.swift */ = {isa = PBXFileReference; lastKnownFileType = sourcecode.swift; path = TaskNumberSection.swift; sourceTree = "<group>"; };
		CD4964F32BE11A10003DCF08 /* TaskDetailsSection.swift */ = {isa = PBXFileReference; lastKnownFileType = sourcecode.swift; path = TaskDetailsSection.swift; sourceTree = "<group>"; };
		CD4964F52BE11AE7003DCF08 /* TaskDescriptionSection.swift */ = {isa = PBXFileReference; lastKnownFileType = sourcecode.swift; path = TaskDescriptionSection.swift; sourceTree = "<group>"; };
		CD4964F72BE1201C003DCF08 /* SearchFieldView.swift */ = {isa = PBXFileReference; lastKnownFileType = sourcecode.swift; path = SearchFieldView.swift; sourceTree = "<group>"; };
		CD4964FA2BE121C7003DCF08 /* FilteredTasksSection.swift */ = {isa = PBXFileReference; lastKnownFileType = sourcecode.swift; path = FilteredTasksSection.swift; sourceTree = "<group>"; };
		CD4964FC2BE12505003DCF08 /* SearchSection.swift */ = {isa = PBXFileReference; lastKnownFileType = sourcecode.swift; path = SearchSection.swift; sourceTree = "<group>"; };
		CD4964FE2BE12634003DCF08 /* ContactList.swift */ = {isa = PBXFileReference; lastKnownFileType = sourcecode.swift; path = ContactList.swift; sourceTree = "<group>"; };
		CD5629B42BD7B41600C2ECF7 /* AdvancedSearchViewViewModel.swift */ = {isa = PBXFileReference; lastKnownFileType = sourcecode.swift; path = AdvancedSearchViewViewModel.swift; sourceTree = "<group>"; };
		CD588AAA2BD6488F00ADF3BE /* Task.swift */ = {isa = PBXFileReference; lastKnownFileType = sourcecode.swift; path = Task.swift; sourceTree = "<group>"; };
		CD588AAC2BD6562400ADF3BE /* DepartmentsViewViewModel.swift */ = {isa = PBXFileReference; lastKnownFileType = sourcecode.swift; path = DepartmentsViewViewModel.swift; sourceTree = "<group>"; };
		CD588AAE2BD6793F00ADF3BE /* IncidentViewViewModel.swift */ = {isa = PBXFileReference; lastKnownFileType = sourcecode.swift; path = IncidentViewViewModel.swift; sourceTree = "<group>"; };
		CD5A18B22BD1034C00656EDF /* TaskCellView.swift */ = {isa = PBXFileReference; lastKnownFileType = sourcecode.swift; path = TaskCellView.swift; sourceTree = "<group>"; };
		CD5B9A912BD4B79C00714CCA /* AdvancedSearchView.swift */ = {isa = PBXFileReference; lastKnownFileType = sourcecode.swift; path = AdvancedSearchView.swift; sourceTree = "<group>"; };
		CD5B9A942BD4B99B00714CCA /* IncidentView.swift */ = {isa = PBXFileReference; lastKnownFileType = sourcecode.swift; path = IncidentView.swift; sourceTree = "<group>"; };
		CD5B9A972BD4D67B00714CCA /* TaskDetailsView.swift */ = {isa = PBXFileReference; lastKnownFileType = sourcecode.swift; path = TaskDetailsView.swift; sourceTree = "<group>"; };
		CD834E152BC3FC1800C18624 /* ServiceDesk.app */ = {isa = PBXFileReference; explicitFileType = wrapper.application; includeInIndex = 0; path = ServiceDesk.app; sourceTree = BUILT_PRODUCTS_DIR; };
		CD834E182BC3FC1800C18624 /* ServiceDeskApp.swift */ = {isa = PBXFileReference; lastKnownFileType = sourcecode.swift; path = ServiceDeskApp.swift; sourceTree = "<group>"; };
		CD834E1A2BC3FC1800C18624 /* LoginView.swift */ = {isa = PBXFileReference; lastKnownFileType = sourcecode.swift; path = LoginView.swift; sourceTree = "<group>"; };
		CD834E1C2BC3FC1900C18624 /* Assets.xcassets */ = {isa = PBXFileReference; lastKnownFileType = folder.assetcatalog; path = Assets.xcassets; sourceTree = "<group>"; };
		CD834E1F2BC3FC1900C18624 /* Preview Assets.xcassets */ = {isa = PBXFileReference; lastKnownFileType = folder.assetcatalog; path = "Preview Assets.xcassets"; sourceTree = "<group>"; };
/* End PBXFileReference section */

/* Begin PBXFrameworksBuildPhase section */
		CD834E122BC3FC1800C18624 /* Frameworks */ = {
			isa = PBXFrameworksBuildPhase;
			buildActionMask = 2147483647;
			files = (
				CD493AF62BC91CDE0008A34B /* Alamofire in Frameworks */,
				CD493AF82BC91CDE0008A34B /* AlamofireDynamic in Frameworks */,
				CD4963D82BDFA649003DCF08 /* FirebaseFirestore in Frameworks */,
				CD4963D02BDF9A2C003DCF08 /* FirebaseAuth in Frameworks */,
				CD4963D62BDFA5F1003DCF08 /* FirebaseFirestoreSwift in Frameworks */,
			);
			runOnlyForDeploymentPostprocessing = 0;
		};
/* End PBXFrameworksBuildPhase section */

/* Begin PBXGroup section */
		CD3A7D512BCFAB4B00108768 /* TasksView */ = {
			isa = PBXGroup;
			children = (
				CD3A7D4F2BCFAB4700108768 /* TaskView.swift */,
				CD5A18B42BD1035200656EDF /* TaskCell */,
			);
			path = TasksView;
			sourceTree = "<group>";
		};
		CD3D2EAD2BC5518E000DB275 /* LoginView */ = {
			isa = PBXGroup;
			children = (
				CD834E1A2BC3FC1800C18624 /* LoginView.swift */,
				CD3D2EC32BC56059000DB275 /* LoginViewViewModel.swift */,
				CD4964D12BE1027A003DCF08 /* Views */,
			);
			path = LoginView;
			sourceTree = "<group>";
		};
		CD3D2EB02BC551E2000DB275 /* MainView */ = {
			isa = PBXGroup;
			children = (
				CD3D2EAE2BC551D8000DB275 /* MainView.swift */,
			);
			path = MainView;
			sourceTree = "<group>";
		};
		CD3D2EB52BC552AE000DB275 /* ContactsView */ = {
			isa = PBXGroup;
			children = (
				CD3D2EB12BC55279000DB275 /* ContactsView.swift */,
				CD3F1B152BCA826E00BDD3BC /* ContactsViewViewModel.swift */,
				CD3F1B192BCA9BF600BDD3BC /* Views */,
			);
			path = ContactsView;
			sourceTree = "<group>";
		};
		CD3D2EB62BC552C2000DB275 /* DepartmentsView */ = {
			isa = PBXGroup;
			children = (
				CD3D2EB32BC552A4000DB275 /* DepartmentsView.swift */,
				CD588AAC2BD6562400ADF3BE /* DepartmentsViewViewModel.swift */,
				CD3F1B1C2BCB1B8900BDD3BC /* Views */,
			);
			path = DepartmentsView;
			sourceTree = "<group>";
		};
		CD3D2EB92BC55360000DB275 /* Models */ = {
			isa = PBXGroup;
			children = (
				CD3D2EB72BC5535B000DB275 /* User.swift */,
				CD493AF92BC91F550008A34B /* Contact.swift */,
				CD588AAA2BD6488F00ADF3BE /* Task.swift */,
			);
			path = Models;
			sourceTree = "<group>";
		};
		CD3D2EBC2BC5549B000DB275 /* Services */ = {
			isa = PBXGroup;
			children = (
				CD493AF22BC91CAB0008A34B /* NetworkManager.swift */,
			);
			path = Services;
			sourceTree = "<group>";
		};
		CD3D2EBF2BC55923000DB275 /* ContactDetailsView */ = {
			isa = PBXGroup;
			children = (
				CD3D2EBD2BC5591E000DB275 /* ContactDetailsView.swift */,
			);
			path = ContactDetailsView;
			sourceTree = "<group>";
		};
		CD3D2EC22BC55FED000DB275 /* Views */ = {
			isa = PBXGroup;
			children = (
				CD3D2EC02BC55FBA000DB275 /* RootView.swift */,
				CD4963B72BDF7C90003DCF08 /* InputView.swift */,
				CD4964C62BE0FE14003DCF08 /* LogoView.swift */,
				CD4963BF2BDF8B48003DCF08 /* SettingsRowView.swift */,
				CD4964C42BE0F4A2003DCF08 /* BlueButtonView.swift */,
			);
			path = Views;
			sourceTree = "<group>";
		};
		CD3F1B192BCA9BF600BDD3BC /* Views */ = {
			isa = PBXGroup;
			children = (
				CD4964FE2BE12634003DCF08 /* ContactList.swift */,
				CD3F1B172BCA9BEA00BDD3BC /* ContactCellView.swift */,
			);
			path = Views;
			sourceTree = "<group>";
		};
		CD3F1B1C2BCB1B8900BDD3BC /* Views */ = {
			isa = PBXGroup;
			children = (
				CD3F1B1A2BCB1B8400BDD3BC /* DepartmentItemView.swift */,
			);
			path = Views;
			sourceTree = "<group>";
		};
		CD3F1B1F2BCB255000BDD3BC /* DepartmentDetailsView */ = {
			isa = PBXGroup;
			children = (
				CD3F1B1D2BCB254B00BDD3BC /* DepartmentDetailsView.swift */,
				CD45C0952BDA4E4900D9984E /* DepartmentDetailsViewViewModel.swift */,
				CD4964D82BE10AF5003DCF08 /* Views */,
			);
			path = DepartmentDetailsView;
			sourceTree = "<group>";
		};
		CD4963BB2BDF8141003DCF08 /* RegistrationView */ = {
			isa = PBXGroup;
			children = (
				CD4963B92BDF813C003DCF08 /* RegistrationView.swift */,
				CD4964C02BDFE497003DCF08 /* RegistrationViewViewModel.swift */,
				CD4964CA2BE0FF57003DCF08 /* Views */,
			);
			path = RegistrationView;
			sourceTree = "<group>";
		};
		CD4963BE2BDF89DD003DCF08 /* ProfileView */ = {
			isa = PBXGroup;
			children = (
				CD4963BC2BDF89D7003DCF08 /* ProfileView.swift */,
			);
			path = ProfileView;
			sourceTree = "<group>";
		};
		CD4963CE2BDF9A2C003DCF08 /* Frameworks */ = {
			isa = PBXGroup;
			children = (
			);
			name = Frameworks;
			sourceTree = "<group>";
		};
		CD4964CA2BE0FF57003DCF08 /* Views */ = {
			isa = PBXGroup;
			children = (
				CD4964C82BE0FE8D003DCF08 /* RegistrationInputViews.swift */,
				CD4964CB2BE0FF83003DCF08 /* ListDepartments.swift */,
				CD4964CD2BE10168003DCF08 /* SignInButtonView.swift */,
			);
			path = Views;
			sourceTree = "<group>";
		};
		CD4964D12BE1027A003DCF08 /* Views */ = {
			isa = PBXGroup;
			children = (
				CD4964CF2BE10276003DCF08 /* LoginInputViews.swift */,
				CD4964D22BE1052B003DCF08 /* SignUpButtonView.swift */,
			);
			path = Views;
			sourceTree = "<group>";
		};
		CD4964D82BE10AF5003DCF08 /* Views */ = {
			isa = PBXGroup;
			children = (
				CD4964D62BE10AEC003DCF08 /* CreateIncidentButton.swift */,
				CD4964D92BE10DB3003DCF08 /* TasksSection.swift */,
				CD4964DD2BE110AB003DCF08 /* AwaitingApprovalSection.swift */,
				CD4964DF2BE11141003DCF08 /* ExpandedTasks.swift */,
				CD4964DB2BE11052003DCF08 /* AdvancedSearchSection.swift */,
			);
			path = Views;
			sourceTree = "<group>";
		};
		CD4964E32BE1135B003DCF08 /* Views */ = {
			isa = PBXGroup;
			children = (
				CD4964E12BE1134F003DCF08 /* IncidentButtons.swift */,
				CD4964EC2BE11763003DCF08 /* IncidentSections.swift */,
				CD4964E42BE115DD003DCF08 /* PrioritySectionView.swift */,
				CD4964E62BE1164C003DCF08 /* CategorySectionView.swift */,
				CD4964E82BE116B9003DCF08 /* DetailSectionView.swift */,
				CD4964EA2BE11710003DCF08 /* DescriptionSectionView.swift */,
			);
			path = Views;
			sourceTree = "<group>";
		};
		CD4964F02BE118DE003DCF08 /* Views */ = {
			isa = PBXGroup;
			children = (
				CD4964EE2BE118DA003DCF08 /* TaskNumberSection.swift */,
				CD4964F32BE11A10003DCF08 /* TaskDetailsSection.swift */,
				CD4964F52BE11AE7003DCF08 /* TaskDescriptionSection.swift */,
			);
			path = Views;
			sourceTree = "<group>";
		};
		CD4964F92BE12025003DCF08 /* Views */ = {
			isa = PBXGroup;
			children = (
				CD4964FC2BE12505003DCF08 /* SearchSection.swift */,
				CD4964F72BE1201C003DCF08 /* SearchFieldView.swift */,
				CD4964FA2BE121C7003DCF08 /* FilteredTasksSection.swift */,
			);
			path = Views;
			sourceTree = "<group>";
		};
		CD5A18B42BD1035200656EDF /* TaskCell */ = {
			isa = PBXGroup;
			children = (
				CD5A18B22BD1034C00656EDF /* TaskCellView.swift */,
			);
			path = TaskCell;
			sourceTree = "<group>";
		};
		CD5B9A932BD4B79F00714CCA /* AdvancedSearchView */ = {
			isa = PBXGroup;
			children = (
				CD5B9A912BD4B79C00714CCA /* AdvancedSearchView.swift */,
				CD5629B42BD7B41600C2ECF7 /* AdvancedSearchViewViewModel.swift */,
				CD4964F92BE12025003DCF08 /* Views */,
			);
			path = AdvancedSearchView;
			sourceTree = "<group>";
		};
		CD5B9A962BD4B9A000714CCA /* IncidentView */ = {
			isa = PBXGroup;
			children = (
				CD5B9A942BD4B99B00714CCA /* IncidentView.swift */,
				CD588AAE2BD6793F00ADF3BE /* IncidentViewViewModel.swift */,
				CD4964E32BE1135B003DCF08 /* Views */,
			);
			path = IncidentView;
			sourceTree = "<group>";
		};
		CD5B9A992BD4D67F00714CCA /* TaskDetailView */ = {
			isa = PBXGroup;
			children = (
				CD5B9A972BD4D67B00714CCA /* TaskDetailsView.swift */,
				CD4964F02BE118DE003DCF08 /* Views */,
			);
			path = TaskDetailView;
			sourceTree = "<group>";
		};
		CD834E0C2BC3FC1800C18624 = {
			isa = PBXGroup;
			children = (
				CD834E172BC3FC1800C18624 /* ServiceDesk */,
				CD834E162BC3FC1800C18624 /* Products */,
				CD4963CE2BDF9A2C003DCF08 /* Frameworks */,
			);
			sourceTree = "<group>";
		};
		CD834E162BC3FC1800C18624 /* Products */ = {
			isa = PBXGroup;
			children = (
				CD834E152BC3FC1800C18624 /* ServiceDesk.app */,
			);
			name = Products;
			sourceTree = "<group>";
		};
		CD834E172BC3FC1800C18624 /* ServiceDesk */ = {
			isa = PBXGroup;
			children = (
				CD834E182BC3FC1800C18624 /* ServiceDeskApp.swift */,
				CD4963BB2BDF8141003DCF08 /* RegistrationView */,
				CD3D2EAD2BC5518E000DB275 /* LoginView */,
				CD4963BE2BDF89DD003DCF08 /* ProfileView */,
				CD3D2EB02BC551E2000DB275 /* MainView */,
				CD3D2EB62BC552C2000DB275 /* DepartmentsView */,
				CD3F1B1F2BCB255000BDD3BC /* DepartmentDetailsView */,
				CD5B9A962BD4B9A000714CCA /* IncidentView */,
				CD3A7D512BCFAB4B00108768 /* TasksView */,
				CD5B9A992BD4D67F00714CCA /* TaskDetailView */,
				CD5B9A932BD4B79F00714CCA /* AdvancedSearchView */,
				CD3D2EB52BC552AE000DB275 /* ContactsView */,
				CD3D2EBF2BC55923000DB275 /* ContactDetailsView */,
				CD3D2EB92BC55360000DB275 /* Models */,
				CD3D2EBC2BC5549B000DB275 /* Services */,
				CD3D2EC22BC55FED000DB275 /* Views */,
				CD834E1C2BC3FC1900C18624 /* Assets.xcassets */,
				CD4963C12BDF945B003DCF08 /* GoogleService-Info.plist */,
				CD834E1E2BC3FC1900C18624 /* Preview Content */,
			);
			path = ServiceDesk;
			sourceTree = "<group>";
		};
		CD834E1E2BC3FC1900C18624 /* Preview Content */ = {
			isa = PBXGroup;
			children = (
				CD834E1F2BC3FC1900C18624 /* Preview Assets.xcassets */,
			);
			path = "Preview Content";
			sourceTree = "<group>";
		};
/* End PBXGroup section */

/* Begin PBXNativeTarget section */
		CD834E142BC3FC1800C18624 /* ServiceDesk */ = {
			isa = PBXNativeTarget;
			buildConfigurationList = CD834E232BC3FC1900C18624 /* Build configuration list for PBXNativeTarget "ServiceDesk" */;
			buildPhases = (
				CD834E112BC3FC1800C18624 /* Sources */,
				CD834E122BC3FC1800C18624 /* Frameworks */,
				CD4963D12BDF9B10003DCF08 /* Resources */,
				CD9B25002BE14A590067891A /* Embed Frameworks */,
			);
			buildRules = (
			);
			dependencies = (
			);
			name = ServiceDesk;
			packageProductDependencies = (
				CD493AF52BC91CDE0008A34B /* Alamofire */,
				CD493AF72BC91CDE0008A34B /* AlamofireDynamic */,
				CD4963CF2BDF9A2C003DCF08 /* FirebaseAuth */,
				CD4963D52BDFA5F1003DCF08 /* FirebaseFirestoreSwift */,
				CD4963D72BDFA649003DCF08 /* FirebaseFirestore */,
			);
			productName = ServiceDesk;
			productReference = CD834E152BC3FC1800C18624 /* ServiceDesk.app */;
			productType = "com.apple.product-type.application";
		};
/* End PBXNativeTarget section */

/* Begin PBXProject section */
		CD834E0D2BC3FC1800C18624 /* Project object */ = {
			isa = PBXProject;
			attributes = {
				BuildIndependentTargetsInParallel = 1;
				LastSwiftUpdateCheck = 1520;
				LastUpgradeCheck = 1520;
				TargetAttributes = {
					CD834E142BC3FC1800C18624 = {
						CreatedOnToolsVersion = 15.2;
					};
				};
			};
			buildConfigurationList = CD834E102BC3FC1800C18624 /* Build configuration list for PBXProject "ServiceDesk" */;
			compatibilityVersion = "Xcode 14.0";
			developmentRegion = en;
			hasScannedForEncodings = 0;
			knownRegions = (
				en,
				Base,
			);
			mainGroup = CD834E0C2BC3FC1800C18624;
			packageReferences = (
				CD493AF42BC91CDE0008A34B /* XCRemoteSwiftPackageReference "Alamofire" */,
				CD4963C32BDF9582003DCF08 /* XCRemoteSwiftPackageReference "firebase-ios-sdk" */,
			);
			productRefGroup = CD834E162BC3FC1800C18624 /* Products */;
			projectDirPath = "";
			projectRoot = "";
			targets = (
				CD834E142BC3FC1800C18624 /* ServiceDesk */,
			);
		};
/* End PBXProject section */

/* Begin PBXResourcesBuildPhase section */
		CD4963D12BDF9B10003DCF08 /* Resources */ = {
			isa = PBXResourcesBuildPhase;
			buildActionMask = 2147483647;
			files = (
				CD4963D42BDF9CAD003DCF08 /* GoogleService-Info.plist in Resources */,
				CD4963D32BDF9B28003DCF08 /* Preview Assets.xcassets in Resources */,
				CD4963D22BDF9B23003DCF08 /* Assets.xcassets in Resources */,
			);
			runOnlyForDeploymentPostprocessing = 0;
		};
/* End PBXResourcesBuildPhase section */

/* Begin PBXSourcesBuildPhase section */
		CD834E112BC3FC1800C18624 /* Sources */ = {
			isa = PBXSourcesBuildPhase;
			buildActionMask = 2147483647;
			files = (
				CD493AFA2BC91F550008A34B /* Contact.swift in Sources */,
				CD493AF32BC91CAB0008A34B /* NetworkManager.swift in Sources */,
				CD4963C02BDF8B48003DCF08 /* SettingsRowView.swift in Sources */,
				CD3D2EBE2BC5591E000DB275 /* ContactDetailsView.swift in Sources */,
				CD4964C12BDFE497003DCF08 /* RegistrationViewViewModel.swift in Sources */,
				CD4964D72BE10AEC003DCF08 /* CreateIncidentButton.swift in Sources */,
				CD4963BA2BDF813C003DCF08 /* RegistrationView.swift in Sources */,
				CD4964ED2BE11763003DCF08 /* IncidentSections.swift in Sources */,
				CD588AAB2BD6488F00ADF3BE /* Task.swift in Sources */,
				CD4964D02BE10276003DCF08 /* LoginInputViews.swift in Sources */,
				CD834E1B2BC3FC1800C18624 /* LoginView.swift in Sources */,
				CD4964CE2BE10168003DCF08 /* SignInButtonView.swift in Sources */,
				CD45C0962BDA4E4900D9984E /* DepartmentDetailsViewViewModel.swift in Sources */,
				CD4964F62BE11AE7003DCF08 /* TaskDescriptionSection.swift in Sources */,
				CD4964EB2BE11710003DCF08 /* DescriptionSectionView.swift in Sources */,
				CD5629B52BD7B41600C2ECF7 /* AdvancedSearchViewViewModel.swift in Sources */,
				CD4964E02BE11141003DCF08 /* ExpandedTasks.swift in Sources */,
				CD4964F82BE1201C003DCF08 /* SearchFieldView.swift in Sources */,
				CD4964C52BE0F4A2003DCF08 /* BlueButtonView.swift in Sources */,
				CD4964E92BE116B9003DCF08 /* DetailSectionView.swift in Sources */,
				CD5B9A922BD4B79C00714CCA /* AdvancedSearchView.swift in Sources */,
				CD3D2EAF2BC551D8000DB275 /* MainView.swift in Sources */,
				CD4964DE2BE110AB003DCF08 /* AwaitingApprovalSection.swift in Sources */,
				CD4963BD2BDF89D7003DCF08 /* ProfileView.swift in Sources */,
				CD4964FF2BE12634003DCF08 /* ContactList.swift in Sources */,
				CD4964E22BE1134F003DCF08 /* IncidentButtons.swift in Sources */,
				CD3D2EB82BC5535B000DB275 /* User.swift in Sources */,
				CD3A7D502BCFAB4700108768 /* TaskView.swift in Sources */,
				CD4964C92BE0FE8D003DCF08 /* RegistrationInputViews.swift in Sources */,
				CD3F1B162BCA826E00BDD3BC /* ContactsViewViewModel.swift in Sources */,
				CD588AAF2BD6793F00ADF3BE /* IncidentViewViewModel.swift in Sources */,
				CD588AAD2BD6562400ADF3BE /* DepartmentsViewViewModel.swift in Sources */,
				CD4964E72BE1164C003DCF08 /* CategorySectionView.swift in Sources */,
				CD4963B82BDF7C90003DCF08 /* InputView.swift in Sources */,
				CD4964EF2BE118DA003DCF08 /* TaskNumberSection.swift in Sources */,
				CD3D2EC42BC56059000DB275 /* LoginViewViewModel.swift in Sources */,
				CD4964C72BE0FE14003DCF08 /* LogoView.swift in Sources */,
				CD3D2EC12BC55FBA000DB275 /* RootView.swift in Sources */,
				CD4964E52BE115DD003DCF08 /* PrioritySectionView.swift in Sources */,
				CD3F1B182BCA9BEA00BDD3BC /* ContactCellView.swift in Sources */,
				CD3D2EB42BC552A4000DB275 /* DepartmentsView.swift in Sources */,
				CD4964F42BE11A10003DCF08 /* TaskDetailsSection.swift in Sources */,
				CD4964FD2BE12505003DCF08 /* SearchSection.swift in Sources */,
				CD834E192BC3FC1800C18624 /* ServiceDeskApp.swift in Sources */,
				CD5B9A982BD4D67B00714CCA /* TaskDetailsView.swift in Sources */,
				CD5B9A952BD4B99B00714CCA /* IncidentView.swift in Sources */,
				CD3F1B1B2BCB1B8400BDD3BC /* DepartmentItemView.swift in Sources */,
				CD3F1B1E2BCB254B00BDD3BC /* DepartmentDetailsView.swift in Sources */,
				CD3D2EB22BC55279000DB275 /* ContactsView.swift in Sources */,
				CD4964DA2BE10DB3003DCF08 /* TasksSection.swift in Sources */,
				CD4964D32BE1052B003DCF08 /* SignUpButtonView.swift in Sources */,
				CD5A18B32BD1034C00656EDF /* TaskCellView.swift in Sources */,
				CD4964CC2BE0FF83003DCF08 /* ListDepartments.swift in Sources */,
				CD4964FB2BE121C7003DCF08 /* FilteredTasksSection.swift in Sources */,
				CD4964DC2BE11052003DCF08 /* AdvancedSearchSection.swift in Sources */,
			);
			runOnlyForDeploymentPostprocessing = 0;
		};
/* End PBXSourcesBuildPhase section */

/* Begin XCBuildConfiguration section */
		CD834E212BC3FC1900C18624 /* Debug */ = {
			isa = XCBuildConfiguration;
			buildSettings = {
				ALWAYS_SEARCH_USER_PATHS = NO;
				ASSETCATALOG_COMPILER_GENERATE_SWIFT_ASSET_SYMBOL_EXTENSIONS = YES;
				CLANG_ANALYZER_NONNULL = YES;
				CLANG_ANALYZER_NUMBER_OBJECT_CONVERSION = YES_AGGRESSIVE;
				CLANG_CXX_LANGUAGE_STANDARD = "gnu++20";
				CLANG_ENABLE_MODULES = YES;
				CLANG_ENABLE_OBJC_ARC = YES;
				CLANG_ENABLE_OBJC_WEAK = YES;
				CLANG_WARN_BLOCK_CAPTURE_AUTORELEASING = YES;
				CLANG_WARN_BOOL_CONVERSION = YES;
				CLANG_WARN_COMMA = YES;
				CLANG_WARN_CONSTANT_CONVERSION = YES;
				CLANG_WARN_DEPRECATED_OBJC_IMPLEMENTATIONS = YES;
				CLANG_WARN_DIRECT_OBJC_ISA_USAGE = YES_ERROR;
				CLANG_WARN_DOCUMENTATION_COMMENTS = YES;
				CLANG_WARN_EMPTY_BODY = YES;
				CLANG_WARN_ENUM_CONVERSION = YES;
				CLANG_WARN_INFINITE_RECURSION = YES;
				CLANG_WARN_INT_CONVERSION = YES;
				CLANG_WARN_NON_LITERAL_NULL_CONVERSION = YES;
				CLANG_WARN_OBJC_IMPLICIT_RETAIN_SELF = YES;
				CLANG_WARN_OBJC_LITERAL_CONVERSION = YES;
				CLANG_WARN_OBJC_ROOT_CLASS = YES_ERROR;
				CLANG_WARN_QUOTED_INCLUDE_IN_FRAMEWORK_HEADER = YES;
				CLANG_WARN_RANGE_LOOP_ANALYSIS = YES;
				CLANG_WARN_STRICT_PROTOTYPES = YES;
				CLANG_WARN_SUSPICIOUS_MOVE = YES;
				CLANG_WARN_UNGUARDED_AVAILABILITY = YES_AGGRESSIVE;
				CLANG_WARN_UNREACHABLE_CODE = YES;
				CLANG_WARN__DUPLICATE_METHOD_MATCH = YES;
				COPY_PHASE_STRIP = NO;
				DEBUG_INFORMATION_FORMAT = dwarf;
				ENABLE_STRICT_OBJC_MSGSEND = YES;
				ENABLE_TESTABILITY = YES;
				ENABLE_USER_SCRIPT_SANDBOXING = YES;
				GCC_C_LANGUAGE_STANDARD = gnu17;
				GCC_DYNAMIC_NO_PIC = NO;
				GCC_NO_COMMON_BLOCKS = YES;
				GCC_OPTIMIZATION_LEVEL = 0;
				GCC_PREPROCESSOR_DEFINITIONS = (
					"DEBUG=1",
					"$(inherited)",
				);
				GCC_WARN_64_TO_32_BIT_CONVERSION = YES;
				GCC_WARN_ABOUT_RETURN_TYPE = YES_ERROR;
				GCC_WARN_UNDECLARED_SELECTOR = YES;
				GCC_WARN_UNINITIALIZED_AUTOS = YES_AGGRESSIVE;
				GCC_WARN_UNUSED_FUNCTION = YES;
				GCC_WARN_UNUSED_VARIABLE = YES;
				IPHONEOS_DEPLOYMENT_TARGET = 17.2;
				LOCALIZATION_PREFERS_STRING_CATALOGS = YES;
				MTL_ENABLE_DEBUG_INFO = INCLUDE_SOURCE;
				MTL_FAST_MATH = YES;
				ONLY_ACTIVE_ARCH = YES;
				SDKROOT = iphoneos;
				SWIFT_ACTIVE_COMPILATION_CONDITIONS = "DEBUG $(inherited)";
				SWIFT_OPTIMIZATION_LEVEL = "-Onone";
			};
			name = Debug;
		};
		CD834E222BC3FC1900C18624 /* Release */ = {
			isa = XCBuildConfiguration;
			buildSettings = {
				ALWAYS_SEARCH_USER_PATHS = NO;
				ASSETCATALOG_COMPILER_GENERATE_SWIFT_ASSET_SYMBOL_EXTENSIONS = YES;
				CLANG_ANALYZER_NONNULL = YES;
				CLANG_ANALYZER_NUMBER_OBJECT_CONVERSION = YES_AGGRESSIVE;
				CLANG_CXX_LANGUAGE_STANDARD = "gnu++20";
				CLANG_ENABLE_MODULES = YES;
				CLANG_ENABLE_OBJC_ARC = YES;
				CLANG_ENABLE_OBJC_WEAK = YES;
				CLANG_WARN_BLOCK_CAPTURE_AUTORELEASING = YES;
				CLANG_WARN_BOOL_CONVERSION = YES;
				CLANG_WARN_COMMA = YES;
				CLANG_WARN_CONSTANT_CONVERSION = YES;
				CLANG_WARN_DEPRECATED_OBJC_IMPLEMENTATIONS = YES;
				CLANG_WARN_DIRECT_OBJC_ISA_USAGE = YES_ERROR;
				CLANG_WARN_DOCUMENTATION_COMMENTS = YES;
				CLANG_WARN_EMPTY_BODY = YES;
				CLANG_WARN_ENUM_CONVERSION = YES;
				CLANG_WARN_INFINITE_RECURSION = YES;
				CLANG_WARN_INT_CONVERSION = YES;
				CLANG_WARN_NON_LITERAL_NULL_CONVERSION = YES;
				CLANG_WARN_OBJC_IMPLICIT_RETAIN_SELF = YES;
				CLANG_WARN_OBJC_LITERAL_CONVERSION = YES;
				CLANG_WARN_OBJC_ROOT_CLASS = YES_ERROR;
				CLANG_WARN_QUOTED_INCLUDE_IN_FRAMEWORK_HEADER = YES;
				CLANG_WARN_RANGE_LOOP_ANALYSIS = YES;
				CLANG_WARN_STRICT_PROTOTYPES = YES;
				CLANG_WARN_SUSPICIOUS_MOVE = YES;
				CLANG_WARN_UNGUARDED_AVAILABILITY = YES_AGGRESSIVE;
				CLANG_WARN_UNREACHABLE_CODE = YES;
				CLANG_WARN__DUPLICATE_METHOD_MATCH = YES;
				COPY_PHASE_STRIP = NO;
				DEBUG_INFORMATION_FORMAT = "dwarf-with-dsym";
				ENABLE_NS_ASSERTIONS = NO;
				ENABLE_STRICT_OBJC_MSGSEND = YES;
				ENABLE_USER_SCRIPT_SANDBOXING = YES;
				GCC_C_LANGUAGE_STANDARD = gnu17;
				GCC_NO_COMMON_BLOCKS = YES;
				GCC_WARN_64_TO_32_BIT_CONVERSION = YES;
				GCC_WARN_ABOUT_RETURN_TYPE = YES_ERROR;
				GCC_WARN_UNDECLARED_SELECTOR = YES;
				GCC_WARN_UNINITIALIZED_AUTOS = YES_AGGRESSIVE;
				GCC_WARN_UNUSED_FUNCTION = YES;
				GCC_WARN_UNUSED_VARIABLE = YES;
				IPHONEOS_DEPLOYMENT_TARGET = 17.2;
				LOCALIZATION_PREFERS_STRING_CATALOGS = YES;
				MTL_ENABLE_DEBUG_INFO = NO;
				MTL_FAST_MATH = YES;
				SDKROOT = iphoneos;
				SWIFT_COMPILATION_MODE = wholemodule;
				VALIDATE_PRODUCT = YES;
			};
			name = Release;
		};
		CD834E242BC3FC1900C18624 /* Debug */ = {
			isa = XCBuildConfiguration;
			buildSettings = {
				ASSETCATALOG_COMPILER_APPICON_NAME = AppIcon;
				ASSETCATALOG_COMPILER_GLOBAL_ACCENT_COLOR_NAME = AccentColor;
				CODE_SIGN_STYLE = Automatic;
				CURRENT_PROJECT_VERSION = 1;
				DEVELOPMENT_ASSET_PATHS = "\"ServiceDesk/Preview Content\"";
				DEVELOPMENT_TEAM = V3YK82Q5NN;
				ENABLE_PREVIEWS = YES;
				GENERATE_INFOPLIST_FILE = YES;
				INFOPLIST_KEY_CFBundleDisplayName = "Service Desk";
				INFOPLIST_KEY_UIApplicationSceneManifest_Generation = YES;
				INFOPLIST_KEY_UIApplicationSupportsIndirectInputEvents = YES;
				INFOPLIST_KEY_UILaunchScreen_Generation = YES;
				INFOPLIST_KEY_UISupportedInterfaceOrientations = UIInterfaceOrientationPortrait;
				INFOPLIST_KEY_UISupportedInterfaceOrientations_iPad = "UIInterfaceOrientationLandscapeLeft UIInterfaceOrientationLandscapeRight UIInterfaceOrientationPortrait UIInterfaceOrientationPortraitUpsideDown";
				LD_RUNPATH_SEARCH_PATHS = (
					"$(inherited)",
					"@executable_path/Frameworks",
				);
				MARKETING_VERSION = 1.0;
				PRODUCT_BUNDLE_IDENTIFIER = broski43.ServiceDesk;
				PRODUCT_NAME = "$(TARGET_NAME)";
				SUPPORTED_PLATFORMS = "iphoneos iphonesimulator";
				SUPPORTS_MACCATALYST = NO;
				SUPPORTS_MAC_DESIGNED_FOR_IPHONE_IPAD = NO;
				SUPPORTS_XR_DESIGNED_FOR_IPHONE_IPAD = NO;
				SWIFT_EMIT_LOC_STRINGS = YES;
				SWIFT_VERSION = 5.0;
				TARGETED_DEVICE_FAMILY = 1;
			};
			name = Debug;
		};
		CD834E252BC3FC1900C18624 /* Release */ = {
			isa = XCBuildConfiguration;
			buildSettings = {
				ASSETCATALOG_COMPILER_APPICON_NAME = AppIcon;
				ASSETCATALOG_COMPILER_GLOBAL_ACCENT_COLOR_NAME = AccentColor;
				CODE_SIGN_STYLE = Automatic;
				CURRENT_PROJECT_VERSION = 1;
				DEVELOPMENT_ASSET_PATHS = "\"ServiceDesk/Preview Content\"";
				DEVELOPMENT_TEAM = V3YK82Q5NN;
				ENABLE_PREVIEWS = YES;
				GENERATE_INFOPLIST_FILE = YES;
				INFOPLIST_KEY_CFBundleDisplayName = "Service Desk";
				INFOPLIST_KEY_UIApplicationSceneManifest_Generation = YES;
				INFOPLIST_KEY_UIApplicationSupportsIndirectInputEvents = YES;
				INFOPLIST_KEY_UILaunchScreen_Generation = YES;
				INFOPLIST_KEY_UISupportedInterfaceOrientations = UIInterfaceOrientationPortrait;
				INFOPLIST_KEY_UISupportedInterfaceOrientations_iPad = "UIInterfaceOrientationLandscapeLeft UIInterfaceOrientationLandscapeRight UIInterfaceOrientationPortrait UIInterfaceOrientationPortraitUpsideDown";
				LD_RUNPATH_SEARCH_PATHS = (
					"$(inherited)",
					"@executable_path/Frameworks",
				);
				MARKETING_VERSION = 1.0;
				PRODUCT_BUNDLE_IDENTIFIER = broski43.ServiceDesk;
				PRODUCT_NAME = "$(TARGET_NAME)";
				SUPPORTED_PLATFORMS = "iphoneos iphonesimulator";
				SUPPORTS_MACCATALYST = NO;
				SUPPORTS_MAC_DESIGNED_FOR_IPHONE_IPAD = NO;
				SUPPORTS_XR_DESIGNED_FOR_IPHONE_IPAD = NO;
				SWIFT_EMIT_LOC_STRINGS = YES;
				SWIFT_VERSION = 5.0;
				TARGETED_DEVICE_FAMILY = 1;
			};
			name = Release;
		};
/* End XCBuildConfiguration section */

/* Begin XCConfigurationList section */
		CD834E102BC3FC1800C18624 /* Build configuration list for PBXProject "ServiceDesk" */ = {
			isa = XCConfigurationList;
			buildConfigurations = (
				CD834E212BC3FC1900C18624 /* Debug */,
				CD834E222BC3FC1900C18624 /* Release */,
			);
			defaultConfigurationIsVisible = 0;
			defaultConfigurationName = Release;
		};
		CD834E232BC3FC1900C18624 /* Build configuration list for PBXNativeTarget "ServiceDesk" */ = {
			isa = XCConfigurationList;
			buildConfigurations = (
				CD834E242BC3FC1900C18624 /* Debug */,
				CD834E252BC3FC1900C18624 /* Release */,
			);
			defaultConfigurationIsVisible = 0;
			defaultConfigurationName = Release;
		};
/* End XCConfigurationList section */

/* Begin XCRemoteSwiftPackageReference section */
		CD493AF42BC91CDE0008A34B /* XCRemoteSwiftPackageReference "Alamofire" */ = {
			isa = XCRemoteSwiftPackageReference;
			repositoryURL = "https://github.com/Alamofire/Alamofire";
			requirement = {
				kind = upToNextMajorVersion;
				minimumVersion = 5.9.1;
			};
		};
		CD4963C32BDF9582003DCF08 /* XCRemoteSwiftPackageReference "firebase-ios-sdk" */ = {
			isa = XCRemoteSwiftPackageReference;
			repositoryURL = "https://github.com/firebase/firebase-ios-sdk";
			requirement = {
				kind = upToNextMajorVersion;
				minimumVersion = 10.24.0;
			};
		};
/* End XCRemoteSwiftPackageReference section */

/* Begin XCSwiftPackageProductDependency section */
		CD493AF52BC91CDE0008A34B /* Alamofire */ = {
			isa = XCSwiftPackageProductDependency;
			package = CD493AF42BC91CDE0008A34B /* XCRemoteSwiftPackageReference "Alamofire" */;
			productName = Alamofire;
		};
		CD493AF72BC91CDE0008A34B /* AlamofireDynamic */ = {
			isa = XCSwiftPackageProductDependency;
			package = CD493AF42BC91CDE0008A34B /* XCRemoteSwiftPackageReference "Alamofire" */;
			productName = AlamofireDynamic;
		};
		CD4963CF2BDF9A2C003DCF08 /* FirebaseAuth */ = {
			isa = XCSwiftPackageProductDependency;
			package = CD4963C32BDF9582003DCF08 /* XCRemoteSwiftPackageReference "firebase-ios-sdk" */;
			productName = FirebaseAuth;
		};
		CD4963D52BDFA5F1003DCF08 /* FirebaseFirestoreSwift */ = {
			isa = XCSwiftPackageProductDependency;
			package = CD4963C32BDF9582003DCF08 /* XCRemoteSwiftPackageReference "firebase-ios-sdk" */;
			productName = FirebaseFirestoreSwift;
		};
		CD4963D72BDFA649003DCF08 /* FirebaseFirestore */ = {
			isa = XCSwiftPackageProductDependency;
			package = CD4963C32BDF9582003DCF08 /* XCRemoteSwiftPackageReference "firebase-ios-sdk" */;
			productName = FirebaseFirestore;
		};
/* End XCSwiftPackageProductDependency section */
	};
	rootObject = CD834E0D2BC3FC1800C18624 /* Project object */;
}
